
Microsoft Visual Studio Solution File, Format Version 12.00
# Visual Studio Version 17
VisualStudioVersion = 17.8.34511.84
MinimumVisualStudioVersion = 10.0.40219.1
Project("{9A19103F-16F7-4668-BE54-9A1E7A4F7556}") = "Ecom", "Ecom\Ecom.csproj", "{73826779-5CB3-4B2A-80E7-F85EC033B29A}"
EndProject
Project("{FAE04EC0-301F-11D3-BF4B-00C04F79EFBC}") = "Ecom.Test", "Ecom.Test\Ecom.Test.csproj", "{201A8529-F2B5-494A-A755-B43EDD35B748}"
EndProject
Global
	GlobalSection(SolutionConfigurationPlatforms) = preSolution
		Debug|Any CPU = Debug|Any CPU
		Release|Any CPU = Release|Any CPU
	EndGlobalSection
	GlobalSection(ProjectConfigurationPlatforms) = postSolution
		{73826779-5CB3-4B2A-80E7-F85EC033B29A}.Debug|Any CPU.ActiveCfg = Debug|Any CPU
		{73826779-5CB3-4B2A-80E7-F85EC033B29A}.Debug|Any CPU.Build.0 = Debug|Any CPU
		{73826779-5CB3-4B2A-80E7-F85EC033B29A}.Release|Any CPU.ActiveCfg = Release|Any CPU
		{73826779-5CB3-4B2A-80E7-F85EC033B29A}.Release|Any CPU.Build.0 = Release|Any CPU
		{201A8529-F2B5-494A-A755-B43EDD35B748}.Debug|Any CPU.ActiveCfg = Debug|Any CPU
		{201A8529-F2B5-494A-A755-B43EDD35B748}.Debug|Any CPU.Build.0 = Debug|Any CPU
		{201A8529-F2B5-494A-A755-B43EDD35B748}.Release|Any CPU.ActiveCfg = Release|Any CPU
		{201A8529-F2B5-494A-A755-B43EDD35B748}.Release|Any CPU.Build.0 = Release|Any CPU
	EndGlobalSection
	GlobalSection(SolutionProperties) = preSolution
		HideSolutionNode = FALSE
	EndGlobalSection
	GlobalSection(ExtensibilityGlobals) = postSolution
		SolutionGuid = {5F3758B7-E3C0-476D-9715-A5AAC5052632}
	EndGlobalSection
EndGlobal
